
Microsoft Visual Studio Solution File, Format Version 12.00
# Visual Studio Version 17
VisualStudioVersion = 17.4.33213.308
MinimumVisualStudioVersion = 10.0.40219.1
Project("{FAE04EC0-301F-11D3-BF4B-00C04F79EFBC}") = "AddBuiltInCustomToolbar.Server", "Server\AddBuiltInCustomToolbar.Server.csproj", "{59998FB4-0021-4DD9-840A-F4EFFDD756E8}"
EndProject
Project("{FAE04EC0-301F-11D3-BF4B-00C04F79EFBC}") = "AddBuiltInCustomToolbar.Client", "Client\AddBuiltInCustomToolbar.Client.csproj", "{82390CF4-CEFB-4D75-BD55-4856ADB5EF5E}"
EndProject
Project("{FAE04EC0-301F-11D3-BF4B-00C04F79EFBC}") = "AddBuiltInCustomToolbar.Shared", "Shared\AddBuiltInCustomToolbar.Shared.csproj", "{BC4616CC-8D82-4104-9591-74E10D92877A}"
EndProject
Global
	GlobalSection(SolutionConfigurationPlatforms) = preSolution
		Debug|Any CPU = Debug|Any CPU
		Release|Any CPU = Release|Any CPU
	EndGlobalSection
	GlobalSection(ProjectConfigurationPlatforms) = postSolution
		{59998FB4-0021-4DD9-840A-F4EFFDD756E8}.Debug|Any CPU.ActiveCfg = Debug|Any CPU
		{59998FB4-0021-4DD9-840A-F4EFFDD756E8}.Debug|Any CPU.Build.0 = Debug|Any CPU
		{59998FB4-0021-4DD9-840A-F4EFFDD756E8}.Release|Any CPU.ActiveCfg = Release|Any CPU
		{59998FB4-0021-4DD9-840A-F4EFFDD756E8}.Release|Any CPU.Build.0 = Release|Any CPU
		{82390CF4-CEFB-4D75-BD55-4856ADB5EF5E}.Debug|Any CPU.ActiveCfg = Debug|Any CPU
		{82390CF4-CEFB-4D75-BD55-4856ADB5EF5E}.Debug|Any CPU.Build.0 = Debug|Any CPU
		{82390CF4-CEFB-4D75-BD55-4856ADB5EF5E}.Release|Any CPU.ActiveCfg = Release|Any CPU
		{82390CF4-CEFB-4D75-BD55-4856ADB5EF5E}.Release|Any CPU.Build.0 = Release|Any CPU
		{BC4616CC-8D82-4104-9591-74E10D92877A}.Debug|Any CPU.ActiveCfg = Debug|Any CPU
		{BC4616CC-8D82-4104-9591-74E10D92877A}.Debug|Any CPU.Build.0 = Debug|Any CPU
		{BC4616CC-8D82-4104-9591-74E10D92877A}.Release|Any CPU.ActiveCfg = Release|Any CPU
		{BC4616CC-8D82-4104-9591-74E10D92877A}.Release|Any CPU.Build.0 = Release|Any CPU
	EndGlobalSection
	GlobalSection(SolutionProperties) = preSolution
		HideSolutionNode = FALSE
	EndGlobalSection
	GlobalSection(ExtensibilityGlobals) = postSolution
		SolutionGuid = {B2E5370A-8509-479E-BCE4-D28519428273}
	EndGlobalSection
EndGlobal
